
Microsoft Visual Studio Solution File, Format Version 12.00
# Visual Studio Version 17
VisualStudioVersion = 17.8.34511.84
MinimumVisualStudioVersion = 10.0.40219.1
Project("{FAE04EC0-301F-11D3-BF4B-00C04F79EFBC}") = "Microservice1.API", "Microservice1.API\Microservice1.API.csproj", "{8408EEF2-12C5-45B4-99A3-37EA80763BA3}"
EndProject
Project("{FAE04EC0-301F-11D3-BF4B-00C04F79EFBC}") = "Microservice2.API", "Microservice2.API\Microservice2.API.csproj", "{5242728A-EF75-45B9-A168-41C39C6616CA}"
EndProject
Project("{FAE04EC0-301F-11D3-BF4B-00C04F79EFBC}") = "SharedEvents", "SharedEvents\SharedEvents.csproj", "{D4C1F89F-FA6F-4C97-8564-A4F6A053918F}"
EndProject
Global
	GlobalSection(SolutionConfigurationPlatforms) = preSolution
		Debug|Any CPU = Debug|Any CPU
		Release|Any CPU = Release|Any CPU
	EndGlobalSection
	GlobalSection(ProjectConfigurationPlatforms) = postSolution
		{8408EEF2-12C5-45B4-99A3-37EA80763BA3}.Debug|Any CPU.ActiveCfg = Debug|Any CPU
		{8408EEF2-12C5-45B4-99A3-37EA80763BA3}.Debug|Any CPU.Build.0 = Debug|Any CPU
		{8408EEF2-12C5-45B4-99A3-37EA80763BA3}.Release|Any CPU.ActiveCfg = Release|Any CPU
		{8408EEF2-12C5-45B4-99A3-37EA80763BA3}.Release|Any CPU.Build.0 = Release|Any CPU
		{5242728A-EF75-45B9-A168-41C39C6616CA}.Debug|Any CPU.ActiveCfg = Debug|Any CPU
		{5242728A-EF75-45B9-A168-41C39C6616CA}.Debug|Any CPU.Build.0 = Debug|Any CPU
		{5242728A-EF75-45B9-A168-41C39C6616CA}.Release|Any CPU.ActiveCfg = Release|Any CPU
		{5242728A-EF75-45B9-A168-41C39C6616CA}.Release|Any CPU.Build.0 = Release|Any CPU
		{D4C1F89F-FA6F-4C97-8564-A4F6A053918F}.Debug|Any CPU.ActiveCfg = Debug|Any CPU
		{D4C1F89F-FA6F-4C97-8564-A4F6A053918F}.Debug|Any CPU.Build.0 = Debug|Any CPU
		{D4C1F89F-FA6F-4C97-8564-A4F6A053918F}.Release|Any CPU.ActiveCfg = Release|Any CPU
		{D4C1F89F-FA6F-4C97-8564-A4F6A053918F}.Release|Any CPU.Build.0 = Release|Any CPU
	EndGlobalSection
	GlobalSection(SolutionProperties) = preSolution
		HideSolutionNode = FALSE
	EndGlobalSection
	GlobalSection(ExtensibilityGlobals) = postSolution
		SolutionGuid = {F34696E7-6EB0-47B5-B1DA-0FED300C2A67}
	EndGlobalSection
EndGlobal
